PODS:
  - Flutter (1.0.0)
  - FMDB (2.6.2):
    - FMDB/standard (= 2.6.2)
  - FMDB/standard (2.6.2)
  - path_provider (0.0.1):
    - Flutter
  - sqflite (0.0.1):
    - Flutter
    - FMDB

DEPENDENCIES:
  - Flutter (from `/opt/external/git/github.com/flutter/flutter/bin/cache/artifacts/engine/ios`)
  - path_provider (from `/Users/alex/.pub-cache/hosted/pub.dartlang.org/path_provider-0.3.1/ios`)
  - sqflite (from `/opt/devx/git/github.com/tekartik/sqflite.dart/ios`)

EXTERNAL SOURCES:
  Flutter:
    :path: /opt/external/git/github.com/flutter/flutter/bin/cache/artifacts/engine/ios
  path_provider:
    :path: /Users/alex/.pub-cache/hosted/pub.dartlang.org/path_provider-0.3.1/ios
  sqflite:
    :path: /opt/devx/git/github.com/tekartik/sqflite.dart/ios

SPEC CHECKSUMS:
  Flutter: d674e78c937094a75ac71dd77e921e840bea3dbf
  FMDB: 854a0341b4726e53276f2a8996f06f1b80f9259a
  path_provider: f96fff6166a8867510d2c25fdcc346327cc4b259
  sqflite: 8e2d9fe1e7cdc95d4d537fc7eb2d23c8dc428e3c

PODFILE CHECKSUM: cc70c01bca487bebd110b87397f017f3b76a89f1

COCOAPODS: 1.2.1
